
Microsoft Visual Studio Solution File, Format Version 12.00
# Visual Studio Version 17
VisualStudioVersion = 17.5.33627.172
MinimumVisualStudioVersion = 10.0.40219.1
Project("{FAE04EC0-301F-11D3-BF4B-00C04F79EFBC}") = "WeatherApp", "WeatherApp\WeatherApp.csproj", "{F9114A86-F95D-462C-894D-3895ACC073BB}"
EndProject
Global
	GlobalSection(SolutionConfigurationPlatforms) = preSolution
		Debug|Any CPU = Debug|Any CPU
		Debug|x86 = Debug|x86
		Release|Any CPU = Release|Any CPU
		Release|x86 = Release|x86
	EndGlobalSection
	GlobalSection(ProjectConfigurationPlatforms) = postSolution
		{F9114A86-F95D-462C-894D-3895ACC073BB}.Debug|Any CPU.ActiveCfg = Debug|Any CPU
		{F9114A86-F95D-462C-894D-3895ACC073BB}.Debug|Any CPU.Build.0 = Debug|Any CPU
		{F9114A86-F95D-462C-894D-3895ACC073BB}.Debug|x86.ActiveCfg = Debug|x86
		{F9114A86-F95D-462C-894D-3895ACC073BB}.Debug|x86.Build.0 = Debug|x86
		{F9114A86-F95D-462C-894D-3895ACC073BB}.Release|Any CPU.ActiveCfg = Release|Any CPU
		{F9114A86-F95D-462C-894D-3895ACC073BB}.Release|Any CPU.Build.0 = Release|Any CPU
		{F9114A86-F95D-462C-894D-3895ACC073BB}.Release|x86.ActiveCfg = Release|x86
		{F9114A86-F95D-462C-894D-3895ACC073BB}.Release|x86.Build.0 = Release|x86
	EndGlobalSection
	GlobalSection(SolutionProperties) = preSolution
		HideSolutionNode = FALSE
	EndGlobalSection
	GlobalSection(ExtensibilityGlobals) = postSolution
		SolutionGuid = {FC883D87-016B-46B0-AFC6-C094668322AD}
	EndGlobalSection
EndGlobal
